
Microsoft Visual Studio Solution File, Format Version 12.00
# Visual Studio Version 17
VisualStudioVersion = 17.11.35303.130
MinimumVisualStudioVersion = 10.0.40219.1
Project("{FAE04EC0-301F-11D3-BF4B-00C04F79EFBC}") = "BoundedBufferApp", "BoundedBufferApp\BoundedBufferApp.csproj", "{525122F4-36A9-4471-9BC5-EB29687D07DE}"
EndProject
Project("{FAE04EC0-301F-11D3-BF4B-00C04F79EFBC}") = "BufferLib", "BufferLib\BufferLib.csproj", "{CBCDF35B-0DBF-4AF2-8BCC-44058D53AA51}"
EndProject
Global
	GlobalSection(SolutionConfigurationPlatforms) = preSolution
		Debug|Any CPU = Debug|Any CPU
		Release|Any CPU = Release|Any CPU
	EndGlobalSection
	GlobalSection(ProjectConfigurationPlatforms) = postSolution
		{525122F4-36A9-4471-9BC5-EB29687D07DE}.Debug|Any CPU.ActiveCfg = Debug|Any CPU
		{525122F4-36A9-4471-9BC5-EB29687D07DE}.Debug|Any CPU.Build.0 = Debug|Any CPU
		{525122F4-36A9-4471-9BC5-EB29687D07DE}.Release|Any CPU.ActiveCfg = Release|Any CPU
		{525122F4-36A9-4471-9BC5-EB29687D07DE}.Release|Any CPU.Build.0 = Release|Any CPU
		{CBCDF35B-0DBF-4AF2-8BCC-44058D53AA51}.Debug|Any CPU.ActiveCfg = Debug|Any CPU
		{CBCDF35B-0DBF-4AF2-8BCC-44058D53AA51}.Debug|Any CPU.Build.0 = Debug|Any CPU
		{CBCDF35B-0DBF-4AF2-8BCC-44058D53AA51}.Release|Any CPU.ActiveCfg = Release|Any CPU
		{CBCDF35B-0DBF-4AF2-8BCC-44058D53AA51}.Release|Any CPU.Build.0 = Release|Any CPU
	EndGlobalSection
	GlobalSection(SolutionProperties) = preSolution
		HideSolutionNode = FALSE
	EndGlobalSection
	GlobalSection(ExtensibilityGlobals) = postSolution
		SolutionGuid = {936C802B-4807-41D4-A0B3-97177D8AD21C}
	EndGlobalSection
EndGlobal
